dependencies:
- name: common
  repository: https://sourcemation.github.io/charts/
  version: 0.1.1
- name: cloudnative-pg
  repository: https://cloudnative-pg.github.io/charts
  version: 0.23.0
digest: sha256:bf7e39bd517ed277cc5195d167218c3ec10d5072bbadde0462169790e9572aa5
generated: "2025-02-14T01:59:07.449431189+01:00"
