dependencies:
- name: common
  repository: https://sourcemation.github.io/charts/
  version: 0.1.1
- name: core
  repository: https://neuvector.github.io/neuvector-helm/
  version: 2.8.4
digest: sha256:4625cf3a219356dd1610b1d6188e9a65f78190e7c21428d6292b783182606b7d
generated: "2025-02-13T01:59:12.55930107+01:00"
